// !$*UTF8*$!
{
	archiveVersion = 1;
	classes = {
	};
	objectVersion = 46;
	objects = {

/* Begin PBXBuildFile section */
		2681876B18A341D7003D281B /* Foundation.framework in Frameworks */ = {isa = PBXBuildFile; fileRef = 2681876A18A341D7003D281B /* Foundation.framework */; };
		2681876D18A341D7003D281B /* CoreGraphics.framework in Frameworks */ = {isa = PBXBuildFile; fileRef = 2681876C18A341D7003D281B /* CoreGraphics.framework */; };
		2681876F18A341D7003D281B /* UIKit.framework in Frameworks */ = {isa = PBXBuildFile; fileRef = 2681876E18A341D7003D281B /* UIKit.framework */; };
		2681877518A341D7003D281B /* InfoPlist.strings in Resources */ = {isa = PBXBuildFile; fileRef = 2681877318A341D7003D281B /* InfoPlist.strings */; };
		2681877718A341D7003D281B /* main.m in Sources */ = {isa = PBXBuildFile; fileRef = 2681877618A341D7003D281B /* main.m */; };
		2681877B18A341D7003D281B /* AppDelegate.m in Sources */ = {isa = PBXBuildFile; fileRef = 2681877A18A341D7003D281B /* AppDelegate.m */; };
		2681877E18A341D7003D281B /* Main.storyboard in Resources */ = {isa = PBXBuildFile; fileRef = 2681877C18A341D7003D281B /* Main.storyboard */; };
		2681878118A341D7003D281B /* ViewController.m in Sources */ = {isa = PBXBuildFile; fileRef = 2681878018A341D7003D281B /* ViewController.m */; };
		2681878318A341D7003D281B /* Images.xcassets in Resources */ = {isa = PBXBuildFile; fileRef = 2681878218A341D7003D281B /* Images.xcassets */; };
		2681878A18A341D7003D281B /* XCTest.framework in Frameworks */ = {isa = PBXBuildFile; fileRef = 2681878918A341D7003D281B /* XCTest.framework */; };
		2681878B18A341D7003D281B /* Foundation.framework in Frameworks */ = {isa = PBXBuildFile; fileRef = 2681876A18A341D7003D281B /* Foundation.framework */; };
		2681878C18A341D7003D281B /* UIKit.framework in Frameworks */ = {isa = PBXBuildFile; fileRef = 2681876E18A341D7003D281B /* UIKit.framework */; };
		2681879418A341D7003D281B /* InfoPlist.strings in Resources */ = {isa = PBXBuildFile; fileRef = 2681879218A341D7003D281B /* InfoPlist.strings */; };
		2681879618A341D7003D281B /* MindMapTests.m in Sources */ = {isa = PBXBuildFile; fileRef = 2681879518A341D7003D281B /* MindMapTests.m */; };
/* End PBXBuildFile section */

/* Begin PBXContainerItemProxy section */
		2681878D18A341D7003D281B /* PBXContainerItemProxy */ = {
			isa = PBXContainerItemProxy;
			containerPortal = 2681875F18A341D7003D281B /* Project object */;
			proxyType = 1;
			remoteGlobalIDString = 2681876618A341D7003D281B;
			remoteInfo = MindMap;
		};
/* End PBXContainerItemProxy section */

/* Begin PBXFileReference section */
		2681876718A341D7003D281B /* MindMap.app */ = {isa = PBXFileReference; explicitFileType = wrapper.application; includeInIndex = 0; path = MindMap.app; sourceTree = BUILT_PRODUCTS_DIR; };
		2681876A18A341D7003D281B /* Foundation.framework */ = {isa = PBXFileReference; lastKnownFileType = wrapper.framework; name = Foundation.framework; path = System/Library/Frameworks/Foundation.framework; sourceTree = SDKROOT; };
		2681876C18A341D7003D281B /* CoreGraphics.framework */ = {isa = PBXFileReference; lastKnownFileType = wrapper.framework; name = CoreGraphics.framework; path = System/Library/Frameworks/CoreGraphics.framework; sourceTree = SDKROOT; };
		2681876E18A341D7003D281B /* UIKit.framework */ = {isa = PBXFileReference; lastKnownFileType = wrapper.framework; name = UIKit.framework; path = System/Library/Frameworks/UIKit.framework; sourceTree = SDKROOT; };
		2681877218A341D7003D281B /* MindMap-Info.plist */ = {isa = PBXFileReference; lastKnownFileType = text.plist.xml; path = "MindMap-Info.plist"; sourceTree = "<group>"; };
		2681877418A341D7003D281B /* en */ = {isa = PBXFileReference; lastKnownFileType = text.plist.strings; name = en; path = en.lproj/InfoPlist.strings; sourceTree = "<group>"; };
		2681877618A341D7003D281B /* main.m */ = {isa = PBXFileReference; lastKnownFileType = sourcecode.c.objc; path = main.m; sourceTree = "<group>"; };
		2681877818A341D7003D281B /* MindMap-Prefix.pch */ = {isa = PBXFileReference; lastKnownFileType = sourcecode.c.h; path = "MindMap-Prefix.pch"; sourceTree = "<group>"; };
		2681877918A341D7003D281B /* AppDelegate.h */ = {isa = PBXFileReference; lastKnownFileType = sourcecode.c.h; path = AppDelegate.h; sourceTree = "<group>"; };
		2681877A18A341D7003D281B /* AppDelegate.m */ = {isa = PBXFileReference; lastKnownFileType = sourcecode.c.objc; path = AppDelegate.m; sourceTree = "<group>"; };
		2681877D18A341D7003D281B /* Base */ = {isa = PBXFileReference; lastKnownFileType = file.storyboard; name = Base; path = Base.lproj/Main.storyboard; sourceTree = "<group>"; };
		2681877F18A341D7003D281B /* ViewController.h */ = {isa = PBXFileReference; lastKnownFileType = sourcecode.c.h; path = ViewController.h; sourceTree = "<group>"; };
		2681878018A341D7003D281B /* ViewController.m */ = {isa = PBXFileReference; lastKnownFileType = sourcecode.c.objc; path = ViewController.m; sourceTree = "<group>"; };
		2681878218A341D7003D281B /* Images.xcassets */ = {isa = PBXFileReference; lastKnownFileType = folder.assetcatalog; path = Images.xcassets; sourceTree = "<group>"; };
		2681878818A341D7003D281B /* MindMapTests.xctest */ = {isa = PBXFileReference; explicitFileType = wrapper.cfbundle; includeInIndex = 0; path = MindMapTests.xctest; sourceTree = BUILT_PRODUCTS_DIR; };
		2681878918A341D7003D281B /* XCTest.framework */ = {isa = PBXFileReference; lastKnownFileType = wrapper.framework; name = XCTest.framework; path = Library/Frameworks/XCTest.framework; sourceTree = DEVELOPER_DIR; };
		2681879118A341D7003D281B /* MindMapTests-Info.plist */ = {isa = PBXFileReference; lastKnownFileType = text.plist.xml; path = "MindMapTests-Info.plist"; sourceTree = "<group>"; };
		2681879318A341D7003D281B /* en */ = {isa = PBXFileReference; lastKnownFileType = text.plist.strings; name = en; path = en.lproj/InfoPlist.strings; sourceTree = "<group>"; };
		2681879518A341D7003D281B /* MindMapTests.m */ = {isa = PBXFileReference; lastKnownFileType = sourcecode.c.objc; path = MindMapTests.m; sourceTree = "<group>"; };
/* End PBXFileReference section */

/* Begin PBXFrameworksBuildPhase section */
		2681876418A341D7003D281B /* Frameworks */ = {
			isa = PBXFrameworksBuildPhase;
			buildActionMask = 2147483647;
			files = (
				2681876D18A341D7003D281B /* CoreGraphics.framework in Frameworks */,
				2681876F18A341D7003D281B /* UIKit.framework in Frameworks */,
				2681876B18A341D7003D281B /* Foundation.framework in Frameworks */,
			);
			runOnlyForDeploymentPostprocessing = 0;
		};
		2681878518A341D7003D281B /* Frameworks */ = {
			isa = PBXFrameworksBuildPhase;
			buildActionMask = 2147483647;
			files = (
				2681878A18A341D7003D281B /* XCTest.framework in Frameworks */,
				2681878C18A341D7003D281B /* UIKit.framework in Frameworks */,
				2681878B18A341D7003D281B /* Foundation.framework in Frameworks */,
			);
			runOnlyForDeploymentPostprocessing = 0;
		};
/* End PBXFrameworksBuildPhase section */

/* Begin PBXGroup section */
		2681875E18A341D7003D281B = {
			isa = PBXGroup;
			children = (
				2681877018A341D7003D281B /* MindMap */,
				2681878F18A341D7003D281B /* MindMapTests */,
				2681876918A341D7003D281B /* Frameworks */,
				2681876818A341D7003D281B /* Products */,
			);
			sourceTree = "<group>";
		};
		2681876818A341D7003D281B /* Products */ = {
			isa = PBXGroup;
			children = (
				2681876718A341D7003D281B /* MindMap.app */,
				2681878818A341D7003D281B /* MindMapTests.xctest */,
			);
			name = Products;
			sourceTree = "<group>";
		};
		2681876918A341D7003D281B /* Frameworks */ = {
			isa = PBXGroup;
			children = (
				2681876A18A341D7003D281B /* Foundation.framework */,
				2681876C18A341D7003D281B /* CoreGraphics.framework */,
				2681876E18A341D7003D281B /* UIKit.framework */,
				2681878918A341D7003D281B /* XCTest.framework */,
			);
			name = Frameworks;
			sourceTree = "<group>";
		};
		2681877018A341D7003D281B /* MindMap */ = {
			isa = PBXGroup;
			children = (
				2681877918A341D7003D281B /* AppDelegate.h */,
				2681877A18A341D7003D281B /* AppDelegate.m */,
				2681877C18A341D7003D281B /* Main.storyboard */,
				2681877F18A341D7003D281B /* ViewController.h */,
				2681878018A341D7003D281B /* ViewController.m */,
				2681878218A341D7003D281B /* Images.xcassets */,
				2681877118A341D7003D281B /* Supporting Files */,
			);
			path = MindMap;
			sourceTree = "<group>";
		};
		2681877118A341D7003D281B /* Supporting Files */ = {
			isa = PBXGroup;
			children = (
				2681877218A341D7003D281B /* MindMap-Info.plist */,
				2681877318A341D7003D281B /* InfoPlist.strings */,
				2681877618A341D7003D281B /* main.m */,
				2681877818A341D7003D281B /* MindMap-Prefix.pch */,
			);
			name = "Supporting Files";
			sourceTree = "<group>";
		};
		2681878F18A341D7003D281B /* MindMapTests */ = {
			isa = PBXGroup;
			children = (
				2681879518A341D7003D281B /* MindMapTests.m */,
				2681879018A341D7003D281B /* Supporting Files */,
			);
			path = MindMapTests;
			sourceTree = "<group>";
		};
		2681879018A341D7003D281B /* Supporting Files */ = {
			isa = PBXGroup;
			children = (
				2681879118A341D7003D281B /* MindMapTests-Info.plist */,
				2681879218A341D7003D281B /* InfoPlist.strings */,
			);
			name = "Supporting Files";
			sourceTree = "<group>";
		};
/* End PBXGroup section */

/* Begin PBXNativeTarget section */
		2681876618A341D7003D281B /* MindMap */ = {
			isa = PBXNativeTarget;
			buildConfigurationList = 2681879918A341D7003D281B /* Build configuration list for PBXNativeTarget "MindMap" */;
			buildPhases = (
				2681876318A341D7003D281B /* Sources */,
				2681876418A341D7003D281B /* Frameworks */,
				2681876518A341D7003D281B /* Resources */,
			);
			buildRules = (
			);
			dependencies = (
			);
			name = MindMap;
			productName = MindMap;
			productReference = 2681876718A341D7003D281B /* MindMap.app */;
			productType = "com.apple.product-type.application";
		};
		2681878718A341D7003D281B /* MindMapTests */ = {
			isa = PBXNativeTarget;
			buildConfigurationList = 2681879C18A341D7003D281B /* Build configuration list for PBXNativeTarget "MindMapTests" */;
			buildPhases = (
				2681878418A341D7003D281B /* Sources */,
				2681878518A341D7003D281B /* Frameworks */,
				2681878618A341D7003D281B /* Resources */,
			);
			buildRules = (
			);
			dependencies = (
				2681878E18A341D7003D281B /* PBXTargetDependency */,
			);
			name = MindMapTests;
			productName = MindMapTests;
			productReference = 2681878818A341D7003D281B /* MindMapTests.xctest */;
			productType = "com.apple.product-type.bundle.unit-test";
		};
/* End PBXNativeTarget section */

/* Begin PBXProject section */
		2681875F18A341D7003D281B /* Project object */ = {
			isa = PBXProject;
			attributes = {
				LastUpgradeCheck = 0500;
				ORGANIZATIONNAME = "Christine Wang";
				TargetAttributes = {
					2681878718A341D7003D281B = {
						TestTargetID = 2681876618A341D7003D281B;
					};
				};
			};
			buildConfigurationList = 2681876218A341D7003D281B /* Build configuration list for PBXProject "MindMap" */;
			compatibilityVersion = "Xcode 3.2";
			developmentRegion = English;
			hasScannedForEncodings = 0;
			knownRegions = (
				en,
				Base,
			);
			mainGroup = 2681875E18A341D7003D281B;
			productRefGroup = 2681876818A341D7003D281B /* Products */;
			projectDirPath = "";
			projectRoot = "";
			targets = (
				2681876618A341D7003D281B /* MindMap */,
				2681878718A341D7003D281B /* MindMapTests */,
			);
		};
/* End PBXProject section */

/* Begin PBXResourcesBuildPhase section */
		2681876518A341D7003D281B /* Resources */ = {
			isa = PBXResourcesBuildPhase;
			buildActionMask = 2147483647;
			files = (
				2681878318A341D7003D281B /* Images.xcassets in Resources */,
				2681877518A341D7003D281B /* InfoPlist.strings in Resources */,
				2681877E18A341D7003D281B /* Main.storyboard in Resources */,
			);
			runOnlyForDeploymentPostprocessing = 0;
		};
		2681878618A341D7003D281B /* Resources */ = {
			isa = PBXResourcesBuildPhase;
			buildActionMask = 2147483647;
			files = (
				2681879418A341D7003D281B /* InfoPlist.strings in Resources */,
			);
			runOnlyForDeploymentPostprocessing = 0;
		};
/* End PBXResourcesBuildPhase section */

/* Begin PBXSourcesBuildPhase section */
		2681876318A341D7003D281B /* Sources */ = {
			isa = PBXSourcesBuildPhase;
			buildActionMask = 2147483647;
			files = (
				2681878118A341D7003D281B /* ViewController.m in Sources */,
				2681877B18A341D7003D281B /* AppDelegate.m in Sources */,
				2681877718A341D7003D281B /* main.m in Sources */,
			);
			runOnlyForDeploymentPostprocessing = 0;
		};
		2681878418A341D7003D281B /* Sources */ = {
			isa = PBXSourcesBuildPhase;
			buildActionMask = 2147483647;
			files = (
				2681879618A341D7003D281B /* MindMapTests.m in Sources */,
			);
			runOnlyForDeploymentPostprocessing = 0;
		};
/* End PBXSourcesBuildPhase section */

/* Begin PBXTargetDependency section */
		2681878E18A341D7003D281B /* PBXTargetDependency */ = {
			isa = PBXTargetDependency;
			target = 2681876618A341D7003D281B /* MindMap */;
			targetProxy = 2681878D18A341D7003D281B /* PBXContainerItemProxy */;
		};
/* End PBXTargetDependency section */

/* Begin PBXVariantGroup section */
		2681877318A341D7003D281B /* InfoPlist.strings */ = {
			isa = PBXVariantGroup;
			children = (
				2681877418A341D7003D281B /* en */,
			);
			name = InfoPlist.strings;
			sourceTree = "<group>";
		};
		2681877C18A341D7003D281B /* Main.storyboard */ = {
			isa = PBXVariantGroup;
			children = (
				2681877D18A341D7003D281B /* Base */,
			);
			name = Main.storyboard;
			sourceTree = "<group>";
		};
		2681879218A341D7003D281B /* InfoPlist.strings */ = {
			isa = PBXVariantGroup;
			children = (
				2681879318A341D7003D281B /* en */,
			);
			name = InfoPlist.strings;
			sourceTree = "<group>";
		};
/* End PBXVariantGroup section */

/* Begin XCBuildConfiguration section */
		2681879718A341D7003D281B /* Debug */ = {
			isa = XCBuildConfiguration;
			buildSettings = {
				ALWAYS_SEARCH_USER_PATHS = NO;
				ARCHS = "$(ARCHS_STANDARD_INCLUDING_64_BIT)";
				CLANG_CXX_LANGUAGE_STANDARD = "gnu++0x";
				CLANG_CXX_LIBRARY = "libc++";
				CLANG_ENABLE_MODULES = YES;
				CLANG_ENABLE_OBJC_ARC = YES;
				CLANG_WARN_BOOL_CONVERSION = YES;
				CLANG_WARN_CONSTANT_CONVERSION = YES;
				CLANG_WARN_DIRECT_OBJC_ISA_USAGE = YES_ERROR;
				CLANG_WARN_EMPTY_BODY = YES;
				CLANG_WARN_ENUM_CONVERSION = YES;
				CLANG_WARN_INT_CONVERSION = YES;
				CLANG_WARN_OBJC_ROOT_CLASS = YES_ERROR;
				CLANG_WARN__DUPLICATE_METHOD_MATCH = YES;
				"CODE_SIGN_IDENTITY[sdk=iphoneos*]" = "iPhone Developer";
				COPY_PHASE_STRIP = NO;
				GCC_C_LANGUAGE_STANDARD = gnu99;
				GCC_DYNAMIC_NO_PIC = NO;
				GCC_OPTIMIZATION_LEVEL = 0;
				GCC_PREPROCESSOR_DEFINITIONS = (
					"DEBUG=1",
					"$(inherited)",
				);
				GCC_SYMBOLS_PRIVATE_EXTERN = NO;
				GCC_WARN_64_TO_32_BIT_CONVERSION = YES;
				GCC_WARN_ABOUT_RETURN_TYPE = YES_ERROR;
				GCC_WARN_UNDECLARED_SELECTOR = YES;
				GCC_WARN_UNINITIALIZED_AUTOS = YES;
				GCC_WARN_UNUSED_FUNCTION = YES;
				GCC_WARN_UNUSED_VARIABLE = YES;
				IPHONEOS_DEPLOYMENT_TARGET = 7.0;
				ONLY_ACTIVE_ARCH = YES;
				SDKROOT = iphoneos;
			};
			name = Debug;
		};
		2681879818A341D7003D281B /* Release */ = {
			isa = XCBuildConfiguration;
			buildSettings = {
				ALWAYS_SEARCH_USER_PATHS = NO;
				ARCHS = "$(ARCHS_STANDARD_INCLUDING_64_BIT)";
				CLANG_CXX_LANGUAGE_STANDARD = "gnu++0x";
				CLANG_CXX_LIBRARY = "libc++";
				CLANG_ENABLE_MODULES = YES;
				CLANG_ENABLE_OBJC_ARC = YES;
				CLANG_WARN_BOOL_CONVERSION = YES;
				CLANG_WARN_CONSTANT_CONVERSION = YES;
				CLANG_WARN_DIRECT_OBJC_ISA_USAGE = YES_ERROR;
				CLANG_WARN_EMPTY_BODY = YES;
				CLANG_WARN_ENUM_CONVERSION = YES;
				CLANG_WARN_INT_CONVERSION = YES;
				CLANG_WARN_OBJC_ROOT_CLASS = YES_ERROR;
				CLANG_WARN__DUPLICATE_METHOD_MATCH = YES;
				"CODE_SIGN_IDENTITY[sdk=iphoneos*]" = "iPhone Developer";
				COPY_PHASE_STRIP = YES;
				ENABLE_NS_ASSERTIONS = NO;
				GCC_C_LANGUAGE_STANDARD = gnu99;
				GCC_WARN_64_TO_32_BIT_CONVERSION = YES;
				GCC_WARN_ABOUT_RETURN_TYPE = YES_ERROR;
				GCC_WARN_UNDECLARED_SELECTOR = YES;
				GCC_WARN_UNINITIALIZED_AUTOS = YES;
				GCC_WARN_UNUSED_FUNCTION = YES;
				GCC_WARN_UNUSED_VARIABLE = YES;
				IPHONEOS_DEPLOYMENT_TARGET = 7.0;
				SDKROOT = iphoneos;
				VALIDATE_PRODUCT = YES;
			};
			name = Release;
		};
		2681879A18A341D7003D281B /* Debug */ = {
			isa = XCBuildConfiguration;
			buildSettings = {
				ASSETCATALOG_COMPILER_APPICON_NAME = AppIcon;
				ASSETCATALOG_COMPILER_LAUNCHIMAGE_NAME = LaunchImage;
				GCC_PRECOMPILE_PREFIX_HEADER = YES;
				GCC_PREFIX_HEADER = "MindMap/MindMap-Prefix.pch";
				INFOPLIST_FILE = "MindMap/MindMap-Info.plist";
				PRODUCT_NAME = "$(TARGET_NAME)";
				WRAPPER_EXTENSION = app;
			};
			name = Debug;
		};
		2681879B18A341D7003D281B /* Release */ = {
			isa = XCBuildConfiguration;
			buildSettings = {
				ASSETCATALOG_COMPILER_APPICON_NAME = AppIcon;
				ASSETCATALOG_COMPILER_LAUNCHIMAGE_NAME = LaunchImage;
				GCC_PRECOMPILE_PREFIX_HEADER = YES;
				GCC_PREFIX_HEADER = "MindMap/MindMap-Prefix.pch";
				INFOPLIST_FILE = "MindMap/MindMap-Info.plist";
				PRODUCT_NAME = "$(TARGET_NAME)";
				WRAPPER_EXTENSION = app;
			};
			name = Release;
		};
		2681879D18A341D7003D281B /* Debug */ = {
			isa = XCBuildConfiguration;
			buildSettings = {
				ARCHS = "$(ARCHS_STANDARD_INCLUDING_64_BIT)";
				BUNDLE_LOADER = "$(BUILT_PRODUCTS_DIR)/MindMap.app/MindMap";
				FRAMEWORK_SEARCH_PATHS = (
					"$(SDKROOT)/Developer/Library/Frameworks",
					"$(inherited)",
					"$(DEVELOPER_FRAMEWORKS_DIR)",
				);
				GCC_PRECOMPILE_PREFIX_HEADER = YES;
				GCC_PREFIX_HEADER = "MindMap/MindMap-Prefix.pch";
				GCC_PREPROCESSOR_DEFINITIONS = (
					"DEBUG=1",
					"$(inherited)",
				);
				INFOPLIST_FILE = "MindMapTests/MindMapTests-Info.plist";
				PRODUCT_NAME = "$(TARGET_NAME)";
				TEST_HOST = "$(BUNDLE_LOADER)";
				WRAPPER_EXTENSION = xctest;
			};
			name = Debug;
		};
		2681879E18A341D7003D281B /* Release */ = {
			isa = XCBuildConfiguration;
			buildSettings = {
				ARCHS = "$(ARCHS_STANDARD_INCLUDING_64_BIT)";
				BUNDLE_LOADER = "$(BUILT_PRODUCTS_DIR)/MindMap.app/MindMap";
				FRAMEWORK_SEARCH_PATHS = (
					"$(SDKROOT)/Developer/Library/Frameworks",
					"$(inherited)",
					"$(DEVELOPER_FRAMEWORKS_DIR)",
				);
				GCC_PRECOMPILE_PREFIX_HEADER = YES;
				GCC_PREFIX_HEADER = "MindMap/MindMap-Prefix.pch";
				INFOPLIST_FILE = "MindMapTests/MindMapTests-Info.plist";
				PRODUCT_NAME = "$(TARGET_NAME)";
				TEST_HOST = "$(BUNDLE_LOADER)";
				WRAPPER_EXTENSION = xctest;
			};
			name = Release;
		};
/* End XCBuildConfiguration section */

/* Begin XCConfigurationList section */
		2681876218A341D7003D281B /* Build configuration list for PBXProject "MindMap" */ = {
			isa = XCConfigurationList;
			buildConfigurations = (
				2681879718A341D7003D281B /* Debug */,
				2681879818A341D7003D281B /* Release */,
			);
			defaultConfigurationIsVisible = 0;
			defaultConfigurationName = Release;
		};
		2681879918A341D7003D281B /* Build configuration list for PBXNativeTarget "MindMap" */ = {
			isa = XCConfigurationList;
			buildConfigurations = (
				2681879A18A341D7003D281B /* Debug */,
				2681879B18A341D7003D281B /* Release */,
			);
			defaultConfigurationIsVisible = 0;
		};
		2681879C18A341D7003D281B /* Build configuration list for PBXNativeTarget "MindMapTests" */ = {
			isa = XCConfigurationList;
			buildConfigurations = (
				2681879D18A341D7003D281B /* Debug */,
				2681879E18A341D7003D281B /* Release */,
			);
			defaultConfigurationIsVisible = 0;
		};
/* End XCConfigurationList section */
	};
	rootObject = 2681875F18A341D7003D281B /* Project object */;
}
